
Microsoft Visual Studio Solution File, Format Version 12.00
# Visual Studio 15
VisualStudioVersion = 15.0.27703.2047
MinimumVisualStudioVersion = 10.0.40219.1
Project("{FAE04EC0-301F-11D3-BF4B-00C04F79EFBC}") = "Tedu.OnlineShop", "Tedu.OnlineShop\Tedu.OnlineShop.csproj", "{1E80CBD7-775D-4D5B-B301-31ED666E869E}"
EndProject
Project("{FAE04EC0-301F-11D3-BF4B-00C04F79EFBC}") = "Model", "Model\Model.csproj", "{6075B175-FCA2-42E1-9E56-C6C3C5CD1A31}"
EndProject
Global
	GlobalSection(SolutionConfigurationPlatforms) = preSolution
		Debug|Any CPU = Debug|Any CPU
		Release|Any CPU = Release|Any CPU
	EndGlobalSection
	GlobalSection(ProjectConfigurationPlatforms) = postSolution
		{1E80CBD7-775D-4D5B-B301-31ED666E869E}.Debug|Any CPU.ActiveCfg = Debug|Any CPU
		{1E80CBD7-775D-4D5B-B301-31ED666E869E}.Debug|Any CPU.Build.0 = Debug|Any CPU
		{1E80CBD7-775D-4D5B-B301-31ED666E869E}.Release|Any CPU.ActiveCfg = Release|Any CPU
		{1E80CBD7-775D-4D5B-B301-31ED666E869E}.Release|Any CPU.Build.0 = Release|Any CPU
		{6075B175-FCA2-42E1-9E56-C6C3C5CD1A31}.Debug|Any CPU.ActiveCfg = Debug|Any CPU
		{6075B175-FCA2-42E1-9E56-C6C3C5CD1A31}.Debug|Any CPU.Build.0 = Debug|Any CPU
		{6075B175-FCA2-42E1-9E56-C6C3C5CD1A31}.Release|Any CPU.ActiveCfg = Release|Any CPU
		{6075B175-FCA2-42E1-9E56-C6C3C5CD1A31}.Release|Any CPU.Build.0 = Release|Any CPU
	EndGlobalSection
	GlobalSection(SolutionProperties) = preSolution
		HideSolutionNode = FALSE
	EndGlobalSection
	GlobalSection(ExtensibilityGlobals) = postSolution
		SolutionGuid = {2F64F605-87BD-4C6C-A080-83A8F3DB7369}
	EndGlobalSection
EndGlobal
